
Microsoft Visual Studio Solution File, Format Version 12.00
# Visual Studio Version 16
VisualStudioVersion = 16.0.30503.244
MinimumVisualStudioVersion = 10.0.40219.1
Project("{8BC9CEB8-8B4A-11D0-8D11-00A0C91BC942}") = "ZarkLib", "ZarkLib\ZarkLib.vcxproj", "{FEABB48B-7CA2-4AEB-AD2A-AE71A0E0E5C6}"
EndProject
Project("{8BC9CEB8-8B4A-11D0-8D11-00A0C91BC942}") = "ZarkLibTest", "ZarkLibTest\ZarkLibTest.vcxproj", "{22F2442D-C76B-4B2A-930C-388466F2C446}"
EndProject
Global
	GlobalSection(SolutionConfigurationPlatforms) = preSolution
		Debug|x64 = Debug|x64
		Debug|x86 = Debug|x86
		Release|x64 = Release|x64
		Release|x86 = Release|x86
	EndGlobalSection
	GlobalSection(ProjectConfigurationPlatforms) = postSolution
		{FEABB48B-7CA2-4AEB-AD2A-AE71A0E0E5C6}.Debug|x64.ActiveCfg = Debug|x64
		{FEABB48B-7CA2-4AEB-AD2A-AE71A0E0E5C6}.Debug|x64.Build.0 = Debug|x64
		{FEABB48B-7CA2-4AEB-AD2A-AE71A0E0E5C6}.Debug|x86.ActiveCfg = Debug|Win32
		{FEABB48B-7CA2-4AEB-AD2A-AE71A0E0E5C6}.Debug|x86.Build.0 = Debug|Win32
		{FEABB48B-7CA2-4AEB-AD2A-AE71A0E0E5C6}.Release|x64.ActiveCfg = Release|x64
		{FEABB48B-7CA2-4AEB-AD2A-AE71A0E0E5C6}.Release|x64.Build.0 = Release|x64
		{FEABB48B-7CA2-4AEB-AD2A-AE71A0E0E5C6}.Release|x86.ActiveCfg = Release|Win32
		{FEABB48B-7CA2-4AEB-AD2A-AE71A0E0E5C6}.Release|x86.Build.0 = Release|Win32
		{22F2442D-C76B-4B2A-930C-388466F2C446}.Debug|x64.ActiveCfg = Debug|x64
		{22F2442D-C76B-4B2A-930C-388466F2C446}.Debug|x64.Build.0 = Debug|x64
		{22F2442D-C76B-4B2A-930C-388466F2C446}.Debug|x86.ActiveCfg = Debug|Win32
		{22F2442D-C76B-4B2A-930C-388466F2C446}.Debug|x86.Build.0 = Debug|Win32
		{22F2442D-C76B-4B2A-930C-388466F2C446}.Release|x64.ActiveCfg = Release|x64
		{22F2442D-C76B-4B2A-930C-388466F2C446}.Release|x64.Build.0 = Release|x64
		{22F2442D-C76B-4B2A-930C-388466F2C446}.Release|x86.ActiveCfg = Release|Win32
		{22F2442D-C76B-4B2A-930C-388466F2C446}.Release|x86.Build.0 = Release|Win32
	EndGlobalSection
	GlobalSection(SolutionProperties) = preSolution
		HideSolutionNode = FALSE
	EndGlobalSection
	GlobalSection(ExtensibilityGlobals) = postSolution
		SolutionGuid = {6D244721-AE5A-4E96-881A-8F9759EC5F78}
	EndGlobalSection
EndGlobal
